
Microsoft Visual Studio Solution File, Format Version 12.00
# Visual Studio Version 17
VisualStudioVersion = 17.2.32616.157
MinimumVisualStudioVersion = 10.0.40219.1
Project("{FAE04EC0-301F-11D3-BF4B-00C04F79EFBC}") = "MyTest", "MyTest.csproj", "{9742701C-668A-484A-A990-E1EBA9CD1599}"
EndProject
Project("{FAE04EC0-301F-11D3-BF4B-00C04F79EFBC}") = "MyTest.Data", "..\MyTest.Data\MyTest.Data.csproj", "{65821DB3-25CC-4A66-BD9B-07BB63D40763}"
EndProject
Global
	GlobalSection(SolutionConfigurationPlatforms) = preSolution
		Debug|Any CPU = Debug|Any CPU
		Release|Any CPU = Release|Any CPU
	EndGlobalSection
	GlobalSection(ProjectConfigurationPlatforms) = postSolution
		{9742701C-668A-484A-A990-E1EBA9CD1599}.Debug|Any CPU.ActiveCfg = Debug|Any CPU
		{9742701C-668A-484A-A990-E1EBA9CD1599}.Debug|Any CPU.Build.0 = Debug|Any CPU
		{9742701C-668A-484A-A990-E1EBA9CD1599}.Release|Any CPU.ActiveCfg = Release|Any CPU
		{9742701C-668A-484A-A990-E1EBA9CD1599}.Release|Any CPU.Build.0 = Release|Any CPU
		{65821DB3-25CC-4A66-BD9B-07BB63D40763}.Debug|Any CPU.ActiveCfg = Debug|Any CPU
		{65821DB3-25CC-4A66-BD9B-07BB63D40763}.Debug|Any CPU.Build.0 = Debug|Any CPU
		{65821DB3-25CC-4A66-BD9B-07BB63D40763}.Release|Any CPU.ActiveCfg = Release|Any CPU
		{65821DB3-25CC-4A66-BD9B-07BB63D40763}.Release|Any CPU.Build.0 = Release|Any CPU
	EndGlobalSection
	GlobalSection(SolutionProperties) = preSolution
		HideSolutionNode = FALSE
	EndGlobalSection
	GlobalSection(ExtensibilityGlobals) = postSolution
		SolutionGuid = {96EC05C3-BAE6-4A6D-9A52-CF32097DE530}
	EndGlobalSection
EndGlobal
